
Microsoft Visual Studio Solution File, Format Version 12.00
# Visual Studio Version 17
VisualStudioVersion = 17.12.35707.178 d17.12
MinimumVisualStudioVersion = 10.0.40219.1
Project("{FAE04EC0-301F-11D3-BF4B-00C04F79EFBC}") = "QRCodeProject.Application", "QRCodeProject\QRCodeProject.Application.csproj", "{2F0B459C-B134-468D-AC49-B24DAA7BB220}"
EndProject
Project("{FAE04EC0-301F-11D3-BF4B-00C04F79EFBC}") = "QRCodeProject.Domain", "QRCodeProject.Domain\QRCodeProject.Domain.csproj", "{74EC7479-2371-48EB-8B2F-9C9E743A2422}"
EndProject
Project("{FAE04EC0-301F-11D3-BF4B-00C04F79EFBC}") = "QRCodeProject.Infrastructure", "QRCodeProject.Infrastructure\QRCodeProject.Infrastructure.csproj", "{57690742-AE06-4EB8-AD81-438CA8F6FC10}"
EndProject
Project("{FAE04EC0-301F-11D3-BF4B-00C04F79EFBC}") = "QRCodeProject.Api", "QRCodeProject.Api\QRCodeProject.Api.csproj", "{E6A73B33-2382-4394-BB5C-F573D6AE6D61}"
EndProject
Global
	GlobalSection(SolutionConfigurationPlatforms) = preSolution
		Debug|Any CPU = Debug|Any CPU
		Release|Any CPU = Release|Any CPU
	EndGlobalSection
	GlobalSection(ProjectConfigurationPlatforms) = postSolution
		{2F0B459C-B134-468D-AC49-B24DAA7BB220}.Debug|Any CPU.ActiveCfg = Debug|Any CPU
		{2F0B459C-B134-468D-AC49-B24DAA7BB220}.Debug|Any CPU.Build.0 = Debug|Any CPU
		{2F0B459C-B134-468D-AC49-B24DAA7BB220}.Release|Any CPU.ActiveCfg = Release|Any CPU
		{2F0B459C-B134-468D-AC49-B24DAA7BB220}.Release|Any CPU.Build.0 = Release|Any CPU
		{74EC7479-2371-48EB-8B2F-9C9E743A2422}.Debug|Any CPU.ActiveCfg = Debug|Any CPU
		{74EC7479-2371-48EB-8B2F-9C9E743A2422}.Debug|Any CPU.Build.0 = Debug|Any CPU
		{74EC7479-2371-48EB-8B2F-9C9E743A2422}.Release|Any CPU.ActiveCfg = Release|Any CPU
		{74EC7479-2371-48EB-8B2F-9C9E743A2422}.Release|Any CPU.Build.0 = Release|Any CPU
		{57690742-AE06-4EB8-AD81-438CA8F6FC10}.Debug|Any CPU.ActiveCfg = Debug|Any CPU
		{57690742-AE06-4EB8-AD81-438CA8F6FC10}.Debug|Any CPU.Build.0 = Debug|Any CPU
		{57690742-AE06-4EB8-AD81-438CA8F6FC10}.Release|Any CPU.ActiveCfg = Release|Any CPU
		{57690742-AE06-4EB8-AD81-438CA8F6FC10}.Release|Any CPU.Build.0 = Release|Any CPU
		{E6A73B33-2382-4394-BB5C-F573D6AE6D61}.Debug|Any CPU.ActiveCfg = Debug|Any CPU
		{E6A73B33-2382-4394-BB5C-F573D6AE6D61}.Debug|Any CPU.Build.0 = Debug|Any CPU
		{E6A73B33-2382-4394-BB5C-F573D6AE6D61}.Release|Any CPU.ActiveCfg = Release|Any CPU
		{E6A73B33-2382-4394-BB5C-F573D6AE6D61}.Release|Any CPU.Build.0 = Release|Any CPU
	EndGlobalSection
	GlobalSection(SolutionProperties) = preSolution
		HideSolutionNode = FALSE
	EndGlobalSection
EndGlobal
