
Microsoft Visual Studio Solution File, Format Version 12.00
# Visual Studio Version 17
VisualStudioVersion = 17.12.35707.178
MinimumVisualStudioVersion = 10.0.40219.1
Project("{FAE04EC0-301F-11D3-BF4B-00C04F79EFBC}") = "Api", "Api\Api.csproj", "{D5D2374D-ABB3-4A2A-A5AA-9F4AF27DB766}"
EndProject
Project("{FAE04EC0-301F-11D3-BF4B-00C04F79EFBC}") = "Application", "Application\Application.csproj", "{DF93EF7B-68C3-445B-9951-D1966A4E8811}"
EndProject
Project("{FAE04EC0-301F-11D3-BF4B-00C04F79EFBC}") = "Domain", "Domain\Domain.csproj", "{385953A6-E8FF-489B-9E45-32652FE91734}"
EndProject
Project("{FAE04EC0-301F-11D3-BF4B-00C04F79EFBC}") = "Infrastructure", "Infrastructure\Infrastructure.csproj", "{25938F2D-9010-40CA-ACC1-EDCD0927A8F4}"
EndProject
Global
	GlobalSection(SolutionConfigurationPlatforms) = preSolution
		Debug|Any CPU = Debug|Any CPU
		Release|Any CPU = Release|Any CPU
	EndGlobalSection
	GlobalSection(ProjectConfigurationPlatforms) = postSolution
		{D5D2374D-ABB3-4A2A-A5AA-9F4AF27DB766}.Debug|Any CPU.ActiveCfg = Debug|Any CPU
		{D5D2374D-ABB3-4A2A-A5AA-9F4AF27DB766}.Debug|Any CPU.Build.0 = Debug|Any CPU
		{D5D2374D-ABB3-4A2A-A5AA-9F4AF27DB766}.Release|Any CPU.ActiveCfg = Release|Any CPU
		{D5D2374D-ABB3-4A2A-A5AA-9F4AF27DB766}.Release|Any CPU.Build.0 = Release|Any CPU
		{DF93EF7B-68C3-445B-9951-D1966A4E8811}.Debug|Any CPU.ActiveCfg = Debug|Any CPU
		{DF93EF7B-68C3-445B-9951-D1966A4E8811}.Debug|Any CPU.Build.0 = Debug|Any CPU
		{DF93EF7B-68C3-445B-9951-D1966A4E8811}.Release|Any CPU.ActiveCfg = Release|Any CPU
		{DF93EF7B-68C3-445B-9951-D1966A4E8811}.Release|Any CPU.Build.0 = Release|Any CPU
		{385953A6-E8FF-489B-9E45-32652FE91734}.Debug|Any CPU.ActiveCfg = Debug|Any CPU
		{385953A6-E8FF-489B-9E45-32652FE91734}.Debug|Any CPU.Build.0 = Debug|Any CPU
		{385953A6-E8FF-489B-9E45-32652FE91734}.Release|Any CPU.ActiveCfg = Release|Any CPU
		{385953A6-E8FF-489B-9E45-32652FE91734}.Release|Any CPU.Build.0 = Release|Any CPU
		{25938F2D-9010-40CA-ACC1-EDCD0927A8F4}.Debug|Any CPU.ActiveCfg = Debug|Any CPU
		{25938F2D-9010-40CA-ACC1-EDCD0927A8F4}.Debug|Any CPU.Build.0 = Debug|Any CPU
		{25938F2D-9010-40CA-ACC1-EDCD0927A8F4}.Release|Any CPU.ActiveCfg = Release|Any CPU
		{25938F2D-9010-40CA-ACC1-EDCD0927A8F4}.Release|Any CPU.Build.0 = Release|Any CPU
	EndGlobalSection
	GlobalSection(SolutionProperties) = preSolution
		HideSolutionNode = FALSE
	EndGlobalSection
EndGlobal
